# THIS IS AN AUTOGENERATED FILE. DO NOT EDIT THIS FILE DIRECTLY.
# yarn lockfile v1


es-module-lexer@^0.3.24:
  version "0.3.24"
  resolved "https://registry.yarnpkg.com/es-module-lexer/-/es-module-lexer-0.3.24.tgz#e6b2900758e9e210d23aec2092efc13ca235adea"
  integrity sha512-jm/i7KdJtaMDle921xIsA/MQQOGuZ6goYxhlV+k+gQNI7FtP4N6jknrmJvj++3ODpiyFGwQ4PIstJfHJQJNc+g==

globalyzer@^0.1.0:
  version "0.1.4"
  resolved "https://registry.yarnpkg.com/globalyzer/-/globalyzer-0.1.4.tgz#bc8e273afe1ac7c24eea8def5b802340c5cc534f"
  integrity sha512-LeguVWaxgHN0MNbWC6YljNMzHkrCny9fzjmEUdnF1kQ7wATFD1RHFRqA1qxaX2tgxGENlcxjOflopBwj3YZiXA==

globrex@^0.1.1:
  version "0.1.2"
  resolved "https://registry.yarnpkg.com/globrex/-/globrex-0.1.2.tgz#dd5d9ec826232730cd6793a5e33a9302985e6098"
  integrity sha512-uHJgbwAMwNFf5mLst7IWLNg14x1CkeqglJb/K3doi4dw6q2IvAAmM/Y81kevy83wP+Sst+nutFTYOGg3d1lsxg==

mdsvex@^0.8.2:
  version "0.8.2"
  resolved "https://registry.yarnpkg.com/mdsvex/-/mdsvex-0.8.2.tgz#836a470db7c6d28453d29a0962747ab94e78667a"
  integrity sha512-aCgAVzJvsphSgi77128le8t7rfG5yUJ1w/KHs+QrBK0JkAYC5GeEwi/yogm7jeTRI7SxXz3iCttj8gzOtTASMA==
  dependencies:
    prismjs "^1.17.1"

prismjs@^1.17.1:
  version "1.24.0"
  resolved "https://registry.yarnpkg.com/prismjs/-/prismjs-1.24.0.tgz#0409c30068a6c52c89ef7f1089b3ca4de56be2ac"
  integrity sha512-SqV5GRsNqnzCL8k5dfAjCNhUrF3pR0A9lTDSCUZeh/LIshheXJEaP0hwLz2t4XHivd2J/v2HR+gRnigzeKe3cQ==

svelte@^3.24.0:
  version "3.24.0"
  resolved "https://registry.yarnpkg.com/svelte/-/svelte-3.24.0.tgz#6565a42c9705796fa66c6abb4fedc09f4323a4a8"
  integrity sha512-VFXom6EP2DK83kxy4ZlBbaZklSbZIrpNH3oNXlPYHJUuW4q1OuAr3ZoYbfIVTVYPDgrI7Yq0gQcOhDlAtO4qfw==

tiny-glob@^0.2.6:
  version "0.2.6"
  resolved "https://registry.yarnpkg.com/tiny-glob/-/tiny-glob-0.2.6.tgz#9e056e169d9788fe8a734dfa1ff02e9b92ed7eda"
  integrity sha512-A7ewMqPu1B5PWwC3m7KVgAu96Ch5LA0w4SnEN/LbDREj/gAD0nPWboRbn8YoP9ISZXqeNAlMvKSKoEuhcfK3Pw==
  dependencies:
    globalyzer "^0.1.0"
    globrex "^0.1.1"
