# THIS IS AN AUTOGENERATED FILE. DO NOT EDIT THIS FILE DIRECTLY.
# yarn lockfile v1


"@lihautan/babel-parser@^0.0.2":
  version "0.0.2"
  resolved "https://registry.yarnpkg.com/@lihautan/babel-parser/-/babel-parser-0.0.2.tgz#ee7213d9c6eab65f01b60042c48a41033cbefad8"
  integrity sha512-Oi6W5ZoViF6/augSiE1BmVqX3sluQS6iiu2I22AmFY6inpV3cUMX2dZ06mmM8rLDYYLfZzIWKYxiqnR5KTqLow==
