# THIS IS AN AUTOGENERATED FILE. DO NOT EDIT THIS FILE DIRECTLY.
# yarn lockfile v1


"@lihautan/babel-parser@^0.0.1":
  version "0.0.1"
  resolved "https://registry.yarnpkg.com/@lihautan/babel-parser/-/babel-parser-0.0.1.tgz#6b58214d3f5bdc2f9da0913ba998e473772c62a9"
  integrity sha512-ueEMtIuTq6dU+CDZHP2ZPxFUeHiP/lgLCAMDWm8118neSROWSJQy3nBxd0bIr8Kgi4P2UzUuC+Qyxe/LaDCsWQ==
